
Microsoft Visual Studio Solution File, Format Version 12.00
Project("{FAE04EC0-301F-11D3-BF4B-00C04F79EFBC}") = "Astro8.Emulator", "src\Astro8.Emulator\Astro8.Emulator.csproj", "{8B2D7E08-02A8-4C47-83D0-38554B3DF423}"
EndProject
Project("{FAE04EC0-301F-11D3-BF4B-00C04F79EFBC}") = "Astro8.Tests", "tests\Astro8.Tests\Astro8.Tests.csproj", "{5617C984-89D2-46BE-B340-30B2D29FF295}"
EndProject
Project("{FAE04EC0-301F-11D3-BF4B-00C04F79EFBC}") = "Astro8.Desktop", "src\Astro8.Desktop\Astro8.Desktop.csproj", "{04CA77B4-993F-4D33-9180-A59D97A7AEAF}"
EndProject
Project("{2150E333-8FDC-42A3-9474-1A3956D46DE8}") = "Tests", "Tests", "{F463BD99-66FA-4F4F-8B0B-4B3B0FEE415F}"
EndProject
Project("{FAE04EC0-301F-11D3-BF4B-00C04F79EFBC}") = "Astro8.Wasm", "src\Astro8.Wasm\Astro8.Wasm.csproj", "{41054E5A-012B-453B-A8B8-165EBF8A6C3E}"
EndProject
Project("{2150E333-8FDC-42A3-9474-1A3956D46DE8}") = "Targets", "Targets", "{9E1E22A6-D442-421B-947C-F0E9221359C5}"
EndProject
Project("{FAE04EC0-301F-11D3-BF4B-00C04F79EFBC}") = "Astro8.SourceGenerator", "src\Astro8.SourceGenerator\Astro8.SourceGenerator.csproj", "{5AFAFA47-9F99-4B59-8B32-35E68465864F}"
EndProject
Project("{FAE04EC0-301F-11D3-BF4B-00C04F79EFBC}") = "Astro8.SourceGenerator.Tests", "tests\Astro8.SourceGenerator.Tests\Astro8.SourceGenerator.Tests.csproj", "{911CE9CB-E401-434F-A731-E7EDADDD6C4B}"
EndProject
Global
	GlobalSection(SolutionConfigurationPlatforms) = preSolution
		Debug|Any CPU = Debug|Any CPU
		Release|Any CPU = Release|Any CPU
	EndGlobalSection
	GlobalSection(ProjectConfigurationPlatforms) = postSolution
		{8B2D7E08-02A8-4C47-83D0-38554B3DF423}.Debug|Any CPU.ActiveCfg = Debug|Any CPU
		{8B2D7E08-02A8-4C47-83D0-38554B3DF423}.Debug|Any CPU.Build.0 = Debug|Any CPU
		{8B2D7E08-02A8-4C47-83D0-38554B3DF423}.Release|Any CPU.ActiveCfg = Release|Any CPU
		{8B2D7E08-02A8-4C47-83D0-38554B3DF423}.Release|Any CPU.Build.0 = Release|Any CPU
		{5617C984-89D2-46BE-B340-30B2D29FF295}.Debug|Any CPU.ActiveCfg = Debug|Any CPU
		{5617C984-89D2-46BE-B340-30B2D29FF295}.Debug|Any CPU.Build.0 = Debug|Any CPU
		{5617C984-89D2-46BE-B340-30B2D29FF295}.Release|Any CPU.ActiveCfg = Release|Any CPU
		{5617C984-89D2-46BE-B340-30B2D29FF295}.Release|Any CPU.Build.0 = Release|Any CPU
		{04CA77B4-993F-4D33-9180-A59D97A7AEAF}.Debug|Any CPU.ActiveCfg = Debug|Any CPU
		{04CA77B4-993F-4D33-9180-A59D97A7AEAF}.Debug|Any CPU.Build.0 = Debug|Any CPU
		{04CA77B4-993F-4D33-9180-A59D97A7AEAF}.Release|Any CPU.ActiveCfg = Release|Any CPU
		{04CA77B4-993F-4D33-9180-A59D97A7AEAF}.Release|Any CPU.Build.0 = Release|Any CPU
		{41054E5A-012B-453B-A8B8-165EBF8A6C3E}.Debug|Any CPU.ActiveCfg = Debug|Any CPU
		{41054E5A-012B-453B-A8B8-165EBF8A6C3E}.Debug|Any CPU.Build.0 = Debug|Any CPU
		{41054E5A-012B-453B-A8B8-165EBF8A6C3E}.Release|Any CPU.ActiveCfg = Release|Any CPU
		{41054E5A-012B-453B-A8B8-165EBF8A6C3E}.Release|Any CPU.Build.0 = Release|Any CPU
		{5AFAFA47-9F99-4B59-8B32-35E68465864F}.Debug|Any CPU.ActiveCfg = Debug|Any CPU
		{5AFAFA47-9F99-4B59-8B32-35E68465864F}.Debug|Any CPU.Build.0 = Debug|Any CPU
		{5AFAFA47-9F99-4B59-8B32-35E68465864F}.Release|Any CPU.ActiveCfg = Release|Any CPU
		{5AFAFA47-9F99-4B59-8B32-35E68465864F}.Release|Any CPU.Build.0 = Release|Any CPU
		{911CE9CB-E401-434F-A731-E7EDADDD6C4B}.Debug|Any CPU.ActiveCfg = Debug|Any CPU
		{911CE9CB-E401-434F-A731-E7EDADDD6C4B}.Debug|Any CPU.Build.0 = Debug|Any CPU
		{911CE9CB-E401-434F-A731-E7EDADDD6C4B}.Release|Any CPU.ActiveCfg = Release|Any CPU
		{911CE9CB-E401-434F-A731-E7EDADDD6C4B}.Release|Any CPU.Build.0 = Release|Any CPU
	EndGlobalSection
	GlobalSection(NestedProjects) = preSolution
		{5617C984-89D2-46BE-B340-30B2D29FF295} = {F463BD99-66FA-4F4F-8B0B-4B3B0FEE415F}
		{04CA77B4-993F-4D33-9180-A59D97A7AEAF} = {9E1E22A6-D442-421B-947C-F0E9221359C5}
		{41054E5A-012B-453B-A8B8-165EBF8A6C3E} = {9E1E22A6-D442-421B-947C-F0E9221359C5}
		{911CE9CB-E401-434F-A731-E7EDADDD6C4B} = {F463BD99-66FA-4F4F-8B0B-4B3B0FEE415F}
	EndGlobalSection
EndGlobal
