
Microsoft Visual Studio Solution File, Format Version 12.00
Project("{FAE04EC0-301F-11D3-BF4B-00C04F79EFBC}") = "Astro8.Emulator", "src\Astro8.Emulator\Astro8.Emulator.csproj", "{8B2D7E08-02A8-4C47-83D0-38554B3DF423}"
EndProject
Project("{FAE04EC0-301F-11D3-BF4B-00C04F79EFBC}") = "Astro8.Tests", "tests\Astro8.Tests\Astro8.Tests.csproj", "{5617C984-89D2-46BE-B340-30B2D29FF295}"
EndProject
Global
	GlobalSection(SolutionConfigurationPlatforms) = preSolution
		Debug|Any CPU = Debug|Any CPU
		Release|Any CPU = Release|Any CPU
	EndGlobalSection
	GlobalSection(ProjectConfigurationPlatforms) = postSolution
		{8B2D7E08-02A8-4C47-83D0-38554B3DF423}.Debug|Any CPU.ActiveCfg = Debug|Any CPU
		{8B2D7E08-02A8-4C47-83D0-38554B3DF423}.Debug|Any CPU.Build.0 = Debug|Any CPU
		{8B2D7E08-02A8-4C47-83D0-38554B3DF423}.Release|Any CPU.ActiveCfg = Release|Any CPU
		{8B2D7E08-02A8-4C47-83D0-38554B3DF423}.Release|Any CPU.Build.0 = Release|Any CPU
		{5617C984-89D2-46BE-B340-30B2D29FF295}.Debug|Any CPU.ActiveCfg = Debug|Any CPU
		{5617C984-89D2-46BE-B340-30B2D29FF295}.Debug|Any CPU.Build.0 = Debug|Any CPU
		{5617C984-89D2-46BE-B340-30B2D29FF295}.Release|Any CPU.ActiveCfg = Release|Any CPU
		{5617C984-89D2-46BE-B340-30B2D29FF295}.Release|Any CPU.Build.0 = Release|Any CPU
	EndGlobalSection
EndGlobal
