
Microsoft Visual Studio Solution File, Format Version 12.00
Project("{FAE04EC0-301F-11D3-BF4B-00C04F79EFBC}") = "Astro8.Emulator", "src\Astro8.Emulator\Astro8.Emulator.csproj", "{8B2D7E08-02A8-4C47-83D0-38554B3DF423}"
EndProject
Project("{FAE04EC0-301F-11D3-BF4B-00C04F79EFBC}") = "Astro8.Tests", "tests\Astro8.Tests\Astro8.Tests.csproj", "{5617C984-89D2-46BE-B340-30B2D29FF295}"
EndProject
Project("{FAE04EC0-301F-11D3-BF4B-00C04F79EFBC}") = "Astro8.Desktop", "src\Astro8.Desktop\Astro8.Desktop.csproj", "{04CA77B4-993F-4D33-9180-A59D97A7AEAF}"
EndProject
Project("{2150E333-8FDC-42A3-9474-1A3956D46DE8}") = "Tests", "Tests", "{F463BD99-66FA-4F4F-8B0B-4B3B0FEE415F}"
EndProject
Project("{2150E333-8FDC-42A3-9474-1A3956D46DE8}") = "Targets", "Targets", "{9E1E22A6-D442-421B-947C-F0E9221359C5}"
EndProject
Project("{FAE04EC0-301F-11D3-BF4B-00C04F79EFBC}") = "Astro8.SourceGenerator", "src\Astro8.SourceGenerator\Astro8.SourceGenerator.csproj", "{5AFAFA47-9F99-4B59-8B32-35E68465864F}"
EndProject
Project("{FAE04EC0-301F-11D3-BF4B-00C04F79EFBC}") = "Astro8.SourceGenerator.Tests", "tests\Astro8.SourceGenerator.Tests\Astro8.SourceGenerator.Tests.csproj", "{911CE9CB-E401-434F-A731-E7EDADDD6C4B}"
EndProject
Project("{FAE04EC0-301F-11D3-BF4B-00C04F79EFBC}") = "Astro8.Compiler", "src\Astro8.Compiler\Astro8.Compiler.csproj", "{AD686E7D-64F3-4951-812B-4F3CFB93A34C}"
EndProject
Project("{FAE04EC0-301F-11D3-BF4B-00C04F79EFBC}") = "Astro8.Core", "src\Astro8.Core\Astro8.Core.csproj", "{ADA7C878-9EDF-49D4-A62D-0EE18D727441}"
EndProject
Project("{2150E333-8FDC-42A3-9474-1A3956D46DE8}") = "Web", "Web", "{513EA2DB-ABEA-4487-BF48-EEE1E1D9D2F2}"
EndProject
Project("{FAE04EC0-301F-11D3-BF4B-00C04F79EFBC}") = "Astro8.Editor", "src\Astro8.Editor\Astro8.Editor.csproj", "{8B2B3664-31C0-4309-8B3D-4FA0E4E7817F}"
EndProject
Project("{FAE04EC0-301F-11D3-BF4B-00C04F79EFBC}") = "Yabal.LanguageServer", "src\Yabal.LanguageServer\Yabal.LanguageServer.csproj", "{5C03D2FD-F322-4D54-BB98-6BC68057E218}"
EndProject
Project("{2150E333-8FDC-42A3-9474-1A3956D46DE8}") = "Tools", "Tools", "{2BA09F55-1D28-419A-8D82-6EA52963F1A0}"
EndProject
Global
	GlobalSection(SolutionConfigurationPlatforms) = preSolution
		Debug|Any CPU = Debug|Any CPU
		Release|Any CPU = Release|Any CPU
	EndGlobalSection
	GlobalSection(ProjectConfigurationPlatforms) = postSolution
		{8B2D7E08-02A8-4C47-83D0-38554B3DF423}.Debug|Any CPU.ActiveCfg = Debug|Any CPU
		{8B2D7E08-02A8-4C47-83D0-38554B3DF423}.Debug|Any CPU.Build.0 = Debug|Any CPU
		{8B2D7E08-02A8-4C47-83D0-38554B3DF423}.Release|Any CPU.ActiveCfg = Release|Any CPU
		{8B2D7E08-02A8-4C47-83D0-38554B3DF423}.Release|Any CPU.Build.0 = Release|Any CPU
		{5617C984-89D2-46BE-B340-30B2D29FF295}.Debug|Any CPU.ActiveCfg = Debug|Any CPU
		{5617C984-89D2-46BE-B340-30B2D29FF295}.Debug|Any CPU.Build.0 = Debug|Any CPU
		{5617C984-89D2-46BE-B340-30B2D29FF295}.Release|Any CPU.ActiveCfg = Release|Any CPU
		{5617C984-89D2-46BE-B340-30B2D29FF295}.Release|Any CPU.Build.0 = Release|Any CPU
		{04CA77B4-993F-4D33-9180-A59D97A7AEAF}.Debug|Any CPU.ActiveCfg = Debug|Any CPU
		{04CA77B4-993F-4D33-9180-A59D97A7AEAF}.Debug|Any CPU.Build.0 = Debug|Any CPU
		{04CA77B4-993F-4D33-9180-A59D97A7AEAF}.Release|Any CPU.ActiveCfg = Release|Any CPU
		{04CA77B4-993F-4D33-9180-A59D97A7AEAF}.Release|Any CPU.Build.0 = Release|Any CPU
		{5AFAFA47-9F99-4B59-8B32-35E68465864F}.Debug|Any CPU.ActiveCfg = Debug|Any CPU
		{5AFAFA47-9F99-4B59-8B32-35E68465864F}.Debug|Any CPU.Build.0 = Debug|Any CPU
		{5AFAFA47-9F99-4B59-8B32-35E68465864F}.Release|Any CPU.ActiveCfg = Release|Any CPU
		{5AFAFA47-9F99-4B59-8B32-35E68465864F}.Release|Any CPU.Build.0 = Release|Any CPU
		{911CE9CB-E401-434F-A731-E7EDADDD6C4B}.Debug|Any CPU.ActiveCfg = Debug|Any CPU
		{911CE9CB-E401-434F-A731-E7EDADDD6C4B}.Debug|Any CPU.Build.0 = Debug|Any CPU
		{911CE9CB-E401-434F-A731-E7EDADDD6C4B}.Release|Any CPU.ActiveCfg = Release|Any CPU
		{911CE9CB-E401-434F-A731-E7EDADDD6C4B}.Release|Any CPU.Build.0 = Release|Any CPU
		{AD686E7D-64F3-4951-812B-4F3CFB93A34C}.Debug|Any CPU.ActiveCfg = Debug|Any CPU
		{AD686E7D-64F3-4951-812B-4F3CFB93A34C}.Debug|Any CPU.Build.0 = Debug|Any CPU
		{AD686E7D-64F3-4951-812B-4F3CFB93A34C}.Release|Any CPU.ActiveCfg = Release|Any CPU
		{AD686E7D-64F3-4951-812B-4F3CFB93A34C}.Release|Any CPU.Build.0 = Release|Any CPU
		{ADA7C878-9EDF-49D4-A62D-0EE18D727441}.Debug|Any CPU.ActiveCfg = Debug|Any CPU
		{ADA7C878-9EDF-49D4-A62D-0EE18D727441}.Debug|Any CPU.Build.0 = Debug|Any CPU
		{ADA7C878-9EDF-49D4-A62D-0EE18D727441}.Release|Any CPU.ActiveCfg = Release|Any CPU
		{ADA7C878-9EDF-49D4-A62D-0EE18D727441}.Release|Any CPU.Build.0 = Release|Any CPU
		{8B2B3664-31C0-4309-8B3D-4FA0E4E7817F}.Debug|Any CPU.ActiveCfg = Debug|Any CPU
		{8B2B3664-31C0-4309-8B3D-4FA0E4E7817F}.Debug|Any CPU.Build.0 = Debug|Any CPU
		{8B2B3664-31C0-4309-8B3D-4FA0E4E7817F}.Release|Any CPU.ActiveCfg = Release|Any CPU
		{8B2B3664-31C0-4309-8B3D-4FA0E4E7817F}.Release|Any CPU.Build.0 = Release|Any CPU
		{5C03D2FD-F322-4D54-BB98-6BC68057E218}.Debug|Any CPU.ActiveCfg = Debug|Any CPU
		{5C03D2FD-F322-4D54-BB98-6BC68057E218}.Debug|Any CPU.Build.0 = Debug|Any CPU
		{5C03D2FD-F322-4D54-BB98-6BC68057E218}.Release|Any CPU.ActiveCfg = Release|Any CPU
		{5C03D2FD-F322-4D54-BB98-6BC68057E218}.Release|Any CPU.Build.0 = Release|Any CPU
	EndGlobalSection
	GlobalSection(NestedProjects) = preSolution
		{5617C984-89D2-46BE-B340-30B2D29FF295} = {F463BD99-66FA-4F4F-8B0B-4B3B0FEE415F}
		{04CA77B4-993F-4D33-9180-A59D97A7AEAF} = {9E1E22A6-D442-421B-947C-F0E9221359C5}
		{911CE9CB-E401-434F-A731-E7EDADDD6C4B} = {F463BD99-66FA-4F4F-8B0B-4B3B0FEE415F}
		{8B2B3664-31C0-4309-8B3D-4FA0E4E7817F} = {513EA2DB-ABEA-4487-BF48-EEE1E1D9D2F2}
		{5C03D2FD-F322-4D54-BB98-6BC68057E218} = {2BA09F55-1D28-419A-8D82-6EA52963F1A0}
	EndGlobalSection
EndGlobal
