
Microsoft Visual Studio Solution File, Format Version 12.00
Project("{FAE04EC0-301F-11D3-BF4B-00C04F79EFBC}") = "Yabal.Emulator", "src\Yabal.Emulator\Yabal.Emulator.csproj", "{8B2D7E08-02A8-4C47-83D0-38554B3DF423}"
EndProject
Project("{FAE04EC0-301F-11D3-BF4B-00C04F79EFBC}") = "Yabal.Tests", "tests\Yabal.Tests\Yabal.Tests.csproj", "{5617C984-89D2-46BE-B340-30B2D29FF295}"
EndProject
Project("{FAE04EC0-301F-11D3-BF4B-00C04F79EFBC}") = "Yabal.Desktop", "src\Yabal.Desktop\Yabal.Desktop.csproj", "{04CA77B4-993F-4D33-9180-A59D97A7AEAF}"
EndProject
Project("{2150E333-8FDC-42A3-9474-1A3956D46DE8}") = "Tests", "Tests", "{F463BD99-66FA-4F4F-8B0B-4B3B0FEE415F}"
EndProject
Project("{2150E333-8FDC-42A3-9474-1A3956D46DE8}") = "Targets", "Targets", "{9E1E22A6-D442-421B-947C-F0E9221359C5}"
EndProject
Project("{FAE04EC0-301F-11D3-BF4B-00C04F79EFBC}") = "Yabal.SourceGenerator", "src\Yabal.SourceGenerator\Yabal.SourceGenerator.csproj", "{5AFAFA47-9F99-4B59-8B32-35E68465864F}"
EndProject
Project("{FAE04EC0-301F-11D3-BF4B-00C04F79EFBC}") = "Yabal.SourceGenerator.Tests", "tests\Yabal.SourceGenerator.Tests\Yabal.SourceGenerator.Tests.csproj", "{911CE9CB-E401-434F-A731-E7EDADDD6C4B}"
EndProject
Project("{FAE04EC0-301F-11D3-BF4B-00C04F79EFBC}") = "Yabal.Compiler", "src\Yabal.Compiler\Yabal.Compiler.csproj", "{AD686E7D-64F3-4951-812B-4F3CFB93A34C}"
EndProject
Project("{FAE04EC0-301F-11D3-BF4B-00C04F79EFBC}") = "Yabal.Core", "src\Yabal.Core\Yabal.Core.csproj", "{ADA7C878-9EDF-49D4-A62D-0EE18D727441}"
EndProject
Project("{FAE04EC0-301F-11D3-BF4B-00C04F79EFBC}") = "Yabal.LanguageServer", "src\Yabal.LanguageServer\Yabal.LanguageServer.csproj", "{5C03D2FD-F322-4D54-BB98-6BC68057E218}"
EndProject
Project("{2150E333-8FDC-42A3-9474-1A3956D46DE8}") = "Tools", "Tools", "{2BA09F55-1D28-419A-8D82-6EA52963F1A0}"
EndProject
Project("{FAE04EC0-301F-11D3-BF4B-00C04F79EFBC}") = "Yabal.Bot", "src\Yabal.Bot\Yabal.Bot.csproj", "{B50ED8E4-25A0-4E1E-AB25-D28FFEA18C7F}"
EndProject
Project("{FAE04EC0-301F-11D3-BF4B-00C04F79EFBC}") = "Yabal.Wasm", "src\Yabal.Wasm\Yabal.Wasm.csproj", "{C4A5A9D0-5C75-4619-925C-0088054AB991}"
EndProject
Project("{2150E333-8FDC-42A3-9474-1A3956D46DE8}") = "Loaders", "Loaders", "{8FDA05D0-F846-466E-9625-E4A9F2D01FBF}"
EndProject
Project("{FAE04EC0-301F-11D3-BF4B-00C04F79EFBC}") = "Yabal.Loaders.Font", "src\Yabal.Loaders.Font\Yabal.Loaders.Font.csproj", "{218CAD01-86C4-422E-8453-5C9D33441C1C}"
EndProject
Project("{FAE04EC0-301F-11D3-BF4B-00C04F79EFBC}") = "Yabal.Loaders.Image", "src\Yabal.Loaders.Image\Yabal.Loaders.Image.csproj", "{4A47DC2A-A8B0-46DA-8375-B1A95D207F1D}"
EndProject
Global
	GlobalSection(SolutionConfigurationPlatforms) = preSolution
		Debug|Any CPU = Debug|Any CPU
		Release|Any CPU = Release|Any CPU
	EndGlobalSection
	GlobalSection(ProjectConfigurationPlatforms) = postSolution
		{8B2D7E08-02A8-4C47-83D0-38554B3DF423}.Debug|Any CPU.ActiveCfg = Debug|Any CPU
		{8B2D7E08-02A8-4C47-83D0-38554B3DF423}.Debug|Any CPU.Build.0 = Debug|Any CPU
		{8B2D7E08-02A8-4C47-83D0-38554B3DF423}.Release|Any CPU.ActiveCfg = Release|Any CPU
		{8B2D7E08-02A8-4C47-83D0-38554B3DF423}.Release|Any CPU.Build.0 = Release|Any CPU
		{5617C984-89D2-46BE-B340-30B2D29FF295}.Debug|Any CPU.ActiveCfg = Debug|Any CPU
		{5617C984-89D2-46BE-B340-30B2D29FF295}.Debug|Any CPU.Build.0 = Debug|Any CPU
		{5617C984-89D2-46BE-B340-30B2D29FF295}.Release|Any CPU.ActiveCfg = Release|Any CPU
		{5617C984-89D2-46BE-B340-30B2D29FF295}.Release|Any CPU.Build.0 = Release|Any CPU
		{04CA77B4-993F-4D33-9180-A59D97A7AEAF}.Debug|Any CPU.ActiveCfg = Debug|Any CPU
		{04CA77B4-993F-4D33-9180-A59D97A7AEAF}.Debug|Any CPU.Build.0 = Debug|Any CPU
		{04CA77B4-993F-4D33-9180-A59D97A7AEAF}.Release|Any CPU.ActiveCfg = Release|Any CPU
		{04CA77B4-993F-4D33-9180-A59D97A7AEAF}.Release|Any CPU.Build.0 = Release|Any CPU
		{5AFAFA47-9F99-4B59-8B32-35E68465864F}.Debug|Any CPU.ActiveCfg = Debug|Any CPU
		{5AFAFA47-9F99-4B59-8B32-35E68465864F}.Debug|Any CPU.Build.0 = Debug|Any CPU
		{5AFAFA47-9F99-4B59-8B32-35E68465864F}.Release|Any CPU.ActiveCfg = Release|Any CPU
		{5AFAFA47-9F99-4B59-8B32-35E68465864F}.Release|Any CPU.Build.0 = Release|Any CPU
		{911CE9CB-E401-434F-A731-E7EDADDD6C4B}.Debug|Any CPU.ActiveCfg = Debug|Any CPU
		{911CE9CB-E401-434F-A731-E7EDADDD6C4B}.Debug|Any CPU.Build.0 = Debug|Any CPU
		{911CE9CB-E401-434F-A731-E7EDADDD6C4B}.Release|Any CPU.ActiveCfg = Release|Any CPU
		{911CE9CB-E401-434F-A731-E7EDADDD6C4B}.Release|Any CPU.Build.0 = Release|Any CPU
		{AD686E7D-64F3-4951-812B-4F3CFB93A34C}.Debug|Any CPU.ActiveCfg = Debug|Any CPU
		{AD686E7D-64F3-4951-812B-4F3CFB93A34C}.Debug|Any CPU.Build.0 = Debug|Any CPU
		{AD686E7D-64F3-4951-812B-4F3CFB93A34C}.Release|Any CPU.ActiveCfg = Release|Any CPU
		{AD686E7D-64F3-4951-812B-4F3CFB93A34C}.Release|Any CPU.Build.0 = Release|Any CPU
		{ADA7C878-9EDF-49D4-A62D-0EE18D727441}.Debug|Any CPU.ActiveCfg = Debug|Any CPU
		{ADA7C878-9EDF-49D4-A62D-0EE18D727441}.Debug|Any CPU.Build.0 = Debug|Any CPU
		{ADA7C878-9EDF-49D4-A62D-0EE18D727441}.Release|Any CPU.ActiveCfg = Release|Any CPU
		{ADA7C878-9EDF-49D4-A62D-0EE18D727441}.Release|Any CPU.Build.0 = Release|Any CPU
		{5C03D2FD-F322-4D54-BB98-6BC68057E218}.Debug|Any CPU.ActiveCfg = Debug|Any CPU
		{5C03D2FD-F322-4D54-BB98-6BC68057E218}.Debug|Any CPU.Build.0 = Debug|Any CPU
		{5C03D2FD-F322-4D54-BB98-6BC68057E218}.Release|Any CPU.ActiveCfg = Release|Any CPU
		{5C03D2FD-F322-4D54-BB98-6BC68057E218}.Release|Any CPU.Build.0 = Release|Any CPU
		{B50ED8E4-25A0-4E1E-AB25-D28FFEA18C7F}.Debug|Any CPU.ActiveCfg = Debug|Any CPU
		{B50ED8E4-25A0-4E1E-AB25-D28FFEA18C7F}.Debug|Any CPU.Build.0 = Debug|Any CPU
		{B50ED8E4-25A0-4E1E-AB25-D28FFEA18C7F}.Release|Any CPU.ActiveCfg = Release|Any CPU
		{B50ED8E4-25A0-4E1E-AB25-D28FFEA18C7F}.Release|Any CPU.Build.0 = Release|Any CPU
		{C4A5A9D0-5C75-4619-925C-0088054AB991}.Debug|Any CPU.ActiveCfg = Debug|Any CPU
		{C4A5A9D0-5C75-4619-925C-0088054AB991}.Debug|Any CPU.Build.0 = Debug|Any CPU
		{C4A5A9D0-5C75-4619-925C-0088054AB991}.Release|Any CPU.ActiveCfg = Release|Any CPU
		{C4A5A9D0-5C75-4619-925C-0088054AB991}.Release|Any CPU.Build.0 = Release|Any CPU
		{218CAD01-86C4-422E-8453-5C9D33441C1C}.Debug|Any CPU.ActiveCfg = Debug|Any CPU
		{218CAD01-86C4-422E-8453-5C9D33441C1C}.Debug|Any CPU.Build.0 = Debug|Any CPU
		{218CAD01-86C4-422E-8453-5C9D33441C1C}.Release|Any CPU.ActiveCfg = Release|Any CPU
		{218CAD01-86C4-422E-8453-5C9D33441C1C}.Release|Any CPU.Build.0 = Release|Any CPU
		{4A47DC2A-A8B0-46DA-8375-B1A95D207F1D}.Debug|Any CPU.ActiveCfg = Debug|Any CPU
		{4A47DC2A-A8B0-46DA-8375-B1A95D207F1D}.Debug|Any CPU.Build.0 = Debug|Any CPU
		{4A47DC2A-A8B0-46DA-8375-B1A95D207F1D}.Release|Any CPU.ActiveCfg = Release|Any CPU
		{4A47DC2A-A8B0-46DA-8375-B1A95D207F1D}.Release|Any CPU.Build.0 = Release|Any CPU
	EndGlobalSection
	GlobalSection(NestedProjects) = preSolution
		{5617C984-89D2-46BE-B340-30B2D29FF295} = {F463BD99-66FA-4F4F-8B0B-4B3B0FEE415F}
		{04CA77B4-993F-4D33-9180-A59D97A7AEAF} = {9E1E22A6-D442-421B-947C-F0E9221359C5}
		{911CE9CB-E401-434F-A731-E7EDADDD6C4B} = {F463BD99-66FA-4F4F-8B0B-4B3B0FEE415F}
		{5C03D2FD-F322-4D54-BB98-6BC68057E218} = {2BA09F55-1D28-419A-8D82-6EA52963F1A0}
		{B50ED8E4-25A0-4E1E-AB25-D28FFEA18C7F} = {9E1E22A6-D442-421B-947C-F0E9221359C5}
		{C4A5A9D0-5C75-4619-925C-0088054AB991} = {9E1E22A6-D442-421B-947C-F0E9221359C5}
		{218CAD01-86C4-422E-8453-5C9D33441C1C} = {8FDA05D0-F846-466E-9625-E4A9F2D01FBF}
		{4A47DC2A-A8B0-46DA-8375-B1A95D207F1D} = {8FDA05D0-F846-466E-9625-E4A9F2D01FBF}
	EndGlobalSection
EndGlobal
